{
    "name": "web-common",
    "version": "0.0.9",
    "lockfileVersion": 2,
    "requires": true,
    "packages": {
        "": {
            "name": "web-common",
            "version": "0.0.9",
            "license": "ISC",
            "dependencies": {
                "@eversdk/appkit": "^0.3.1",
                "@eversdk/core": "1.35.1",
                "@eversdk/lib-web": "1.35.1",
                "buffer": "^6.0.3",
                "crypto-js": "^4.1.1",
                "diff": "^5.1.0",
                "react": "^18.2.0",
                "react-toastify": "^9.0.7",
                "recoil": "^0.7.4",
                "recoil-persist": "^4.2.0"
            },
            "devDependencies": {
                "@types/crypto-js": "^4.1.1",
                "@types/diff": "^5.0.2",
                "@types/node": "^18.0.6",
                "@types/react": "^18.0.15",
                "typescript": "^4.7.4"
            }
        },
        "node_modules/@eversdk/appkit": {
            "version": "0.3.1",
            "resolved": "https://registry.npmjs.org/@eversdk/appkit/-/appkit-0.3.1.tgz",
            "integrity": "sha512-WqlBIy8obZhTOAopdHCI7+S3obPtY3Bf/9Dtpbs9QccdiGD1NaCdmpSAcSpizx1eZo50/ie6PKRnuCZm4Sp6EA==",
            "dependencies": {
                "@eversdk/core": "^1"
            },
            "engines": {
                "node": ">=6"
            }
        },
        "node_modules/@eversdk/core": {
            "version": "1.35.1",
            "resolved": "https://registry.npmjs.org/@eversdk/core/-/core-1.35.1.tgz",
            "integrity": "sha512-DErBXSL8Nt/dND4tC9NedhSRcD8hMzJp/GAQ4/5txgbJDEn1ZrYbWZ6/dg0u6M+bRjADrJsYRnsahUBqe+mhtA==",
            "engines": {
                "node": ">=6"
            }
        },
        "node_modules/@eversdk/lib-web": {
            "version": "1.35.1",
            "resolved": "https://registry.npmjs.org/@eversdk/lib-web/-/lib-web-1.35.1.tgz",
            "integrity": "sha512-QhtSzpXktkoZS3qelK7+y1EdgPOwcZ4rwCBBDEdrWNRfQFpPg28jDTDSKYT+X7nhMrwxE2EcQBU1tbwfEmAlnQ==",
            "hasInstallScript": true,
            "engines": {
                "node": ">=6"
            }
        },
        "node_modules/@types/crypto-js": {
            "version": "4.1.1",
            "resolved": "https://registry.npmjs.org/@types/crypto-js/-/crypto-js-4.1.1.tgz",
            "integrity": "sha512-BG7fQKZ689HIoc5h+6D2Dgq1fABRa0RbBWKBd9SP/MVRVXROflpm5fhwyATX5duFmbStzyzyycPB8qUYKDH3NA==",
            "dev": true
        },
        "node_modules/@types/diff": {
            "version": "5.0.2",
            "resolved": "https://registry.npmjs.org/@types/diff/-/diff-5.0.2.tgz",
            "integrity": "sha512-uw8eYMIReOwstQ0QKF0sICefSy8cNO/v7gOTiIy9SbwuHyEecJUm7qlgueOO5S1udZ5I/irVydHVwMchgzbKTg==",
            "dev": true
        },
        "node_modules/@types/node": {
            "version": "18.0.6",
            "resolved": "https://registry.npmjs.org/@types/node/-/node-18.0.6.tgz",
            "integrity": "sha512-/xUq6H2aQm261exT6iZTMifUySEt4GR5KX8eYyY+C4MSNPqSh9oNIP7tz2GLKTlFaiBbgZNxffoR3CVRG+cljw==",
            "dev": true
        },
        "node_modules/@types/prop-types": {
            "version": "15.7.5",
            "resolved": "https://registry.npmjs.org/@types/prop-types/-/prop-types-15.7.5.tgz",
            "integrity": "sha512-JCB8C6SnDoQf0cNycqd/35A7MjcnK+ZTqE7judS6o7utxUCg6imJg3QK2qzHKszlTjcj2cn+NwMB2i96ubpj7w==",
            "dev": true
        },
        "node_modules/@types/react": {
            "version": "18.0.15",
            "resolved": "https://registry.npmjs.org/@types/react/-/react-18.0.15.tgz",
            "integrity": "sha512-iz3BtLuIYH1uWdsv6wXYdhozhqj20oD4/Hk2DNXIn1kFsmp9x8d9QB6FnPhfkbhd2PgEONt9Q1x/ebkwjfFLow==",
            "dev": true,
            "dependencies": {
                "@types/prop-types": "*",
                "@types/scheduler": "*",
                "csstype": "^3.0.2"
            }
        },
        "node_modules/@types/scheduler": {
            "version": "0.16.2",
            "resolved": "https://registry.npmjs.org/@types/scheduler/-/scheduler-0.16.2.tgz",
            "integrity": "sha512-hppQEBDmlwhFAXKJX2KnWLYu5yMfi91yazPb2l+lbJiwW+wdo1gNeRA+3RgNSO39WYX2euey41KEwnqesU2Jew==",
            "dev": true
        },
        "node_modules/base64-js": {
            "version": "1.5.1",
            "resolved": "https://registry.npmjs.org/base64-js/-/base64-js-1.5.1.tgz",
            "integrity": "sha512-AKpaYlHn8t4SVbOHCy+b5+KKgvR4vrsD8vbvrbiQJps7fKDTkjkDry6ji0rUJjC0kzbNePLwzxq8iypo41qeWA==",
            "funding": [
                {
                    "type": "github",
                    "url": "https://github.com/sponsors/feross"
                },
                {
                    "type": "patreon",
                    "url": "https://www.patreon.com/feross"
                },
                {
                    "type": "consulting",
                    "url": "https://feross.org/support"
                }
            ]
        },
        "node_modules/buffer": {
            "version": "6.0.3",
            "resolved": "https://registry.npmjs.org/buffer/-/buffer-6.0.3.tgz",
            "integrity": "sha512-FTiCpNxtwiZZHEZbcbTIcZjERVICn9yq/pDFkTl95/AxzD1naBctN7YO68riM/gLSDY7sdrMby8hofADYuuqOA==",
            "funding": [
                {
                    "type": "github",
                    "url": "https://github.com/sponsors/feross"
                },
                {
                    "type": "patreon",
                    "url": "https://www.patreon.com/feross"
                },
                {
                    "type": "consulting",
                    "url": "https://feross.org/support"
                }
            ],
            "dependencies": {
                "base64-js": "^1.3.1",
                "ieee754": "^1.2.1"
            }
        },
        "node_modules/clsx": {
            "version": "1.2.1",
            "resolved": "https://registry.npmjs.org/clsx/-/clsx-1.2.1.tgz",
            "integrity": "sha512-EcR6r5a8bj6pu3ycsa/E/cKVGuTgZJZdsyUYHOksG/UHIiKfjxzRxYJpyVBwYaQeOvghal9fcc4PidlgzugAQg==",
            "engines": {
                "node": ">=6"
            }
        },
        "node_modules/crypto-js": {
            "version": "4.1.1",
            "resolved": "https://registry.npmjs.org/crypto-js/-/crypto-js-4.1.1.tgz",
            "integrity": "sha512-o2JlM7ydqd3Qk9CA0L4NL6mTzU2sdx96a+oOfPu8Mkl/PK51vSyoi8/rQ8NknZtk44vq15lmhAj9CIAGwgeWKw=="
        },
        "node_modules/csstype": {
            "version": "3.1.0",
            "resolved": "https://registry.npmjs.org/csstype/-/csstype-3.1.0.tgz",
            "integrity": "sha512-uX1KG+x9h5hIJsaKR9xHUeUraxf8IODOwq9JLNPq6BwB04a/xgpq3rcx47l5BZu5zBPlgD342tdke3Hom/nJRA==",
            "dev": true
        },
        "node_modules/diff": {
            "version": "5.1.0",
            "resolved": "https://registry.npmjs.org/diff/-/diff-5.1.0.tgz",
            "integrity": "sha512-D+mk+qE8VC/PAUrlAU34N+VfXev0ghe5ywmpqrawphmVZc1bEfn56uo9qpyGp1p4xpzOHkSW4ztBd6L7Xx4ACw==",
            "engines": {
                "node": ">=0.3.1"
            }
        },
        "node_modules/hamt_plus": {
            "version": "1.0.2",
            "resolved": "https://registry.npmjs.org/hamt_plus/-/hamt_plus-1.0.2.tgz",
            "integrity": "sha512-t2JXKaehnMb9paaYA7J0BX8QQAY8lwfQ9Gjf4pg/mk4krt+cmwmU652HOoWonf+7+EQV97ARPMhhVgU1ra2GhA=="
        },
        "node_modules/ieee754": {
            "version": "1.2.1",
            "resolved": "https://registry.npmjs.org/ieee754/-/ieee754-1.2.1.tgz",
            "integrity": "sha512-dcyqhDvX1C46lXZcVqCpK+FtMRQVdIMN6/Df5js2zouUsqG7I6sFxitIC+7KYK29KdXOLHdu9zL4sFnoVQnqaA==",
            "funding": [
                {
                    "type": "github",
                    "url": "https://github.com/sponsors/feross"
                },
                {
                    "type": "patreon",
                    "url": "https://www.patreon.com/feross"
                },
                {
                    "type": "consulting",
                    "url": "https://feross.org/support"
                }
            ]
        },
        "node_modules/js-tokens": {
            "version": "4.0.0",
            "resolved": "https://registry.npmjs.org/js-tokens/-/js-tokens-4.0.0.tgz",
            "integrity": "sha512-RdJUflcE3cUzKiMqQgsCu06FPu9UdIJO0beYbPhHN4k6apgJtifcoCtT9bcxOpYBtpD2kCM6Sbzg4CausW/PKQ=="
        },
        "node_modules/loose-envify": {
            "version": "1.4.0",
            "resolved": "https://registry.npmjs.org/loose-envify/-/loose-envify-1.4.0.tgz",
            "integrity": "sha512-lyuxPGr/Wfhrlem2CL/UcnUc1zcqKAImBDzukY7Y5F/yQiNdko6+fRLevlw1HgMySw7f611UIY408EtxRSoK3Q==",
            "dependencies": {
                "js-tokens": "^3.0.0 || ^4.0.0"
            },
            "bin": {
                "loose-envify": "cli.js"
            }
        },
        "node_modules/react": {
            "version": "18.2.0",
            "resolved": "https://registry.npmjs.org/react/-/react-18.2.0.tgz",
            "integrity": "sha512-/3IjMdb2L9QbBdWiW5e3P2/npwMBaU9mHCSCUzNln0ZCYbcfTsGbTJrU/kGemdH2IWmB2ioZ+zkxtmq6g09fGQ==",
            "dependencies": {
                "loose-envify": "^1.1.0"
            },
            "engines": {
                "node": ">=0.10.0"
            }
        },
        "node_modules/react-dom": {
            "version": "18.2.0",
            "resolved": "https://registry.npmjs.org/react-dom/-/react-dom-18.2.0.tgz",
            "integrity": "sha512-6IMTriUmvsjHUjNtEDudZfuDQUoWXVxKHhlEGSk81n4YFS+r/Kl99wXiwlVXtPBtJenozv2P+hxDsw9eA7Xo6g==",
            "peer": true,
            "dependencies": {
                "loose-envify": "^1.1.0",
                "scheduler": "^0.23.0"
            },
            "peerDependencies": {
                "react": "^18.2.0"
            }
        },
        "node_modules/react-toastify": {
            "version": "9.0.7",
            "resolved": "https://registry.npmjs.org/react-toastify/-/react-toastify-9.0.7.tgz",
            "integrity": "sha512-UG5P/2F/fYdbK+v3XRWHM6xfMkWeLM+k2swKvwU8oO9DXx31GkeoH7Z6slBTkavZ0VjoQ+n/YD6xOBqEwN7HRg==",
            "dependencies": {
                "clsx": "^1.1.1"
            },
            "peerDependencies": {
                "react": ">=16",
                "react-dom": ">=16"
            }
        },
        "node_modules/recoil": {
            "version": "0.7.4",
            "resolved": "https://registry.npmjs.org/recoil/-/recoil-0.7.4.tgz",
            "integrity": "sha512-sCXvQGMfSprkNU4ZRkJV4B0qFQSURJMgsICqY1952WRlg66NMwYqi6n67vhnhn0qw4zHU1gHXJuMvRDaiRNFZw==",
            "dependencies": {
                "hamt_plus": "1.0.2"
            },
            "peerDependencies": {
                "react": ">=16.13.1"
            },
            "peerDependenciesMeta": {
                "react-dom": {
                    "optional": true
                },
                "react-native": {
                    "optional": true
                }
            }
        },
        "node_modules/recoil-persist": {
            "version": "4.2.0",
            "resolved": "https://registry.npmjs.org/recoil-persist/-/recoil-persist-4.2.0.tgz",
            "integrity": "sha512-MHVfML9GxJP3RpkKR4F5rp7DtvzIvjWhowtMao/b7h2k4afMio/4sMAdUtltIrDaeVegH0Iga8Sx5XQ3oD7CzA==",
            "peerDependencies": {
                "recoil": "^0.7.2"
            }
        },
        "node_modules/scheduler": {
            "version": "0.23.0",
            "resolved": "https://registry.npmjs.org/scheduler/-/scheduler-0.23.0.tgz",
            "integrity": "sha512-CtuThmgHNg7zIZWAXi3AsyIzA3n4xx7aNyjwC2VJldO2LMVDhFK+63xGqq6CsJH4rTAt6/M+N4GhZiDYPx9eUw==",
            "peer": true,
            "dependencies": {
                "loose-envify": "^1.1.0"
            }
        },
        "node_modules/typescript": {
            "version": "4.7.4",
            "resolved": "https://registry.npmjs.org/typescript/-/typescript-4.7.4.tgz",
            "integrity": "sha512-C0WQT0gezHuw6AdY1M2jxUO83Rjf0HP7Sk1DtXj6j1EwkQNZrHAg2XPWlq62oqEhYvONq5pkC2Y9oPljWToLmQ==",
            "dev": true,
            "bin": {
                "tsc": "bin/tsc",
                "tsserver": "bin/tsserver"
            },
            "engines": {
                "node": ">=4.2.0"
            }
        }
    },
    "dependencies": {
        "@eversdk/appkit": {
            "version": "0.3.1",
            "resolved": "https://registry.npmjs.org/@eversdk/appkit/-/appkit-0.3.1.tgz",
            "integrity": "sha512-WqlBIy8obZhTOAopdHCI7+S3obPtY3Bf/9Dtpbs9QccdiGD1NaCdmpSAcSpizx1eZo50/ie6PKRnuCZm4Sp6EA==",
            "requires": {
                "@eversdk/core": "^1"
            }
        },
        "@eversdk/core": {
            "version": "1.35.1",
            "resolved": "https://registry.npmjs.org/@eversdk/core/-/core-1.35.1.tgz",
            "integrity": "sha512-DErBXSL8Nt/dND4tC9NedhSRcD8hMzJp/GAQ4/5txgbJDEn1ZrYbWZ6/dg0u6M+bRjADrJsYRnsahUBqe+mhtA=="
        },
        "@eversdk/lib-web": {
            "version": "1.35.1",
            "resolved": "https://registry.npmjs.org/@eversdk/lib-web/-/lib-web-1.35.1.tgz",
            "integrity": "sha512-QhtSzpXktkoZS3qelK7+y1EdgPOwcZ4rwCBBDEdrWNRfQFpPg28jDTDSKYT+X7nhMrwxE2EcQBU1tbwfEmAlnQ=="
        },
        "@types/crypto-js": {
            "version": "4.1.1",
            "resolved": "https://registry.npmjs.org/@types/crypto-js/-/crypto-js-4.1.1.tgz",
            "integrity": "sha512-BG7fQKZ689HIoc5h+6D2Dgq1fABRa0RbBWKBd9SP/MVRVXROflpm5fhwyATX5duFmbStzyzyycPB8qUYKDH3NA==",
            "dev": true
        },
        "@types/diff": {
            "version": "5.0.2",
            "resolved": "https://registry.npmjs.org/@types/diff/-/diff-5.0.2.tgz",
            "integrity": "sha512-uw8eYMIReOwstQ0QKF0sICefSy8cNO/v7gOTiIy9SbwuHyEecJUm7qlgueOO5S1udZ5I/irVydHVwMchgzbKTg==",
            "dev": true
        },
        "@types/node": {
            "version": "18.0.6",
            "resolved": "https://registry.npmjs.org/@types/node/-/node-18.0.6.tgz",
            "integrity": "sha512-/xUq6H2aQm261exT6iZTMifUySEt4GR5KX8eYyY+C4MSNPqSh9oNIP7tz2GLKTlFaiBbgZNxffoR3CVRG+cljw==",
            "dev": true
        },
        "@types/prop-types": {
            "version": "15.7.5",
            "resolved": "https://registry.npmjs.org/@types/prop-types/-/prop-types-15.7.5.tgz",
            "integrity": "sha512-JCB8C6SnDoQf0cNycqd/35A7MjcnK+ZTqE7judS6o7utxUCg6imJg3QK2qzHKszlTjcj2cn+NwMB2i96ubpj7w==",
            "dev": true
        },
        "@types/react": {
            "version": "18.0.15",
            "resolved": "https://registry.npmjs.org/@types/react/-/react-18.0.15.tgz",
            "integrity": "sha512-iz3BtLuIYH1uWdsv6wXYdhozhqj20oD4/Hk2DNXIn1kFsmp9x8d9QB6FnPhfkbhd2PgEONt9Q1x/ebkwjfFLow==",
            "dev": true,
            "requires": {
                "@types/prop-types": "*",
                "@types/scheduler": "*",
                "csstype": "^3.0.2"
            }
        },
        "@types/scheduler": {
            "version": "0.16.2",
            "resolved": "https://registry.npmjs.org/@types/scheduler/-/scheduler-0.16.2.tgz",
            "integrity": "sha512-hppQEBDmlwhFAXKJX2KnWLYu5yMfi91yazPb2l+lbJiwW+wdo1gNeRA+3RgNSO39WYX2euey41KEwnqesU2Jew==",
            "dev": true
        },
        "base64-js": {
            "version": "1.5.1",
            "resolved": "https://registry.npmjs.org/base64-js/-/base64-js-1.5.1.tgz",
            "integrity": "sha512-AKpaYlHn8t4SVbOHCy+b5+KKgvR4vrsD8vbvrbiQJps7fKDTkjkDry6ji0rUJjC0kzbNePLwzxq8iypo41qeWA=="
        },
        "buffer": {
            "version": "6.0.3",
            "resolved": "https://registry.npmjs.org/buffer/-/buffer-6.0.3.tgz",
            "integrity": "sha512-FTiCpNxtwiZZHEZbcbTIcZjERVICn9yq/pDFkTl95/AxzD1naBctN7YO68riM/gLSDY7sdrMby8hofADYuuqOA==",
            "requires": {
                "base64-js": "^1.3.1",
                "ieee754": "^1.2.1"
            }
        },
        "clsx": {
            "version": "1.2.1",
            "resolved": "https://registry.npmjs.org/clsx/-/clsx-1.2.1.tgz",
            "integrity": "sha512-EcR6r5a8bj6pu3ycsa/E/cKVGuTgZJZdsyUYHOksG/UHIiKfjxzRxYJpyVBwYaQeOvghal9fcc4PidlgzugAQg=="
        },
        "crypto-js": {
            "version": "4.1.1",
            "resolved": "https://registry.npmjs.org/crypto-js/-/crypto-js-4.1.1.tgz",
            "integrity": "sha512-o2JlM7ydqd3Qk9CA0L4NL6mTzU2sdx96a+oOfPu8Mkl/PK51vSyoi8/rQ8NknZtk44vq15lmhAj9CIAGwgeWKw=="
        },
        "csstype": {
            "version": "3.1.0",
            "resolved": "https://registry.npmjs.org/csstype/-/csstype-3.1.0.tgz",
            "integrity": "sha512-uX1KG+x9h5hIJsaKR9xHUeUraxf8IODOwq9JLNPq6BwB04a/xgpq3rcx47l5BZu5zBPlgD342tdke3Hom/nJRA==",
            "dev": true
        },
        "diff": {
            "version": "5.1.0",
            "resolved": "https://registry.npmjs.org/diff/-/diff-5.1.0.tgz",
            "integrity": "sha512-D+mk+qE8VC/PAUrlAU34N+VfXev0ghe5ywmpqrawphmVZc1bEfn56uo9qpyGp1p4xpzOHkSW4ztBd6L7Xx4ACw=="
        },
        "hamt_plus": {
            "version": "1.0.2",
            "resolved": "https://registry.npmjs.org/hamt_plus/-/hamt_plus-1.0.2.tgz",
            "integrity": "sha512-t2JXKaehnMb9paaYA7J0BX8QQAY8lwfQ9Gjf4pg/mk4krt+cmwmU652HOoWonf+7+EQV97ARPMhhVgU1ra2GhA=="
        },
        "ieee754": {
            "version": "1.2.1",
            "resolved": "https://registry.npmjs.org/ieee754/-/ieee754-1.2.1.tgz",
            "integrity": "sha512-dcyqhDvX1C46lXZcVqCpK+FtMRQVdIMN6/Df5js2zouUsqG7I6sFxitIC+7KYK29KdXOLHdu9zL4sFnoVQnqaA=="
        },
        "js-tokens": {
            "version": "4.0.0",
            "resolved": "https://registry.npmjs.org/js-tokens/-/js-tokens-4.0.0.tgz",
            "integrity": "sha512-RdJUflcE3cUzKiMqQgsCu06FPu9UdIJO0beYbPhHN4k6apgJtifcoCtT9bcxOpYBtpD2kCM6Sbzg4CausW/PKQ=="
        },
        "loose-envify": {
            "version": "1.4.0",
            "resolved": "https://registry.npmjs.org/loose-envify/-/loose-envify-1.4.0.tgz",
            "integrity": "sha512-lyuxPGr/Wfhrlem2CL/UcnUc1zcqKAImBDzukY7Y5F/yQiNdko6+fRLevlw1HgMySw7f611UIY408EtxRSoK3Q==",
            "requires": {
                "js-tokens": "^3.0.0 || ^4.0.0"
            }
        },
        "react": {
            "version": "18.2.0",
            "resolved": "https://registry.npmjs.org/react/-/react-18.2.0.tgz",
            "integrity": "sha512-/3IjMdb2L9QbBdWiW5e3P2/npwMBaU9mHCSCUzNln0ZCYbcfTsGbTJrU/kGemdH2IWmB2ioZ+zkxtmq6g09fGQ==",
            "requires": {
                "loose-envify": "^1.1.0"
            }
        },
        "react-dom": {
            "version": "18.2.0",
            "resolved": "https://registry.npmjs.org/react-dom/-/react-dom-18.2.0.tgz",
            "integrity": "sha512-6IMTriUmvsjHUjNtEDudZfuDQUoWXVxKHhlEGSk81n4YFS+r/Kl99wXiwlVXtPBtJenozv2P+hxDsw9eA7Xo6g==",
            "peer": true,
            "requires": {
                "loose-envify": "^1.1.0",
                "scheduler": "^0.23.0"
            }
        },
        "react-toastify": {
            "version": "9.0.7",
            "resolved": "https://registry.npmjs.org/react-toastify/-/react-toastify-9.0.7.tgz",
            "integrity": "sha512-UG5P/2F/fYdbK+v3XRWHM6xfMkWeLM+k2swKvwU8oO9DXx31GkeoH7Z6slBTkavZ0VjoQ+n/YD6xOBqEwN7HRg==",
            "requires": {
                "clsx": "^1.1.1"
            }
        },
        "recoil": {
            "version": "0.7.4",
            "resolved": "https://registry.npmjs.org/recoil/-/recoil-0.7.4.tgz",
            "integrity": "sha512-sCXvQGMfSprkNU4ZRkJV4B0qFQSURJMgsICqY1952WRlg66NMwYqi6n67vhnhn0qw4zHU1gHXJuMvRDaiRNFZw==",
            "requires": {
                "hamt_plus": "1.0.2"
            }
        },
        "recoil-persist": {
            "version": "4.2.0",
            "resolved": "https://registry.npmjs.org/recoil-persist/-/recoil-persist-4.2.0.tgz",
            "integrity": "sha512-MHVfML9GxJP3RpkKR4F5rp7DtvzIvjWhowtMao/b7h2k4afMio/4sMAdUtltIrDaeVegH0Iga8Sx5XQ3oD7CzA==",
            "requires": {}
        },
        "scheduler": {
            "version": "0.23.0",
            "resolved": "https://registry.npmjs.org/scheduler/-/scheduler-0.23.0.tgz",
            "integrity": "sha512-CtuThmgHNg7zIZWAXi3AsyIzA3n4xx7aNyjwC2VJldO2LMVDhFK+63xGqq6CsJH4rTAt6/M+N4GhZiDYPx9eUw==",
            "peer": true,
            "requires": {
                "loose-envify": "^1.1.0"
            }
        },
        "typescript": {
            "version": "4.7.4",
            "resolved": "https://registry.npmjs.org/typescript/-/typescript-4.7.4.tgz",
            "integrity": "sha512-C0WQT0gezHuw6AdY1M2jxUO83Rjf0HP7Sk1DtXj6j1EwkQNZrHAg2XPWlq62oqEhYvONq5pkC2Y9oPljWToLmQ==",
            "dev": true
        }
    }
}
